
Microsoft Visual Studio Solution File, Format Version 12.00
# Visual Studio Version 17
VisualStudioVersion = 17.6.33723.286
MinimumVisualStudioVersion = 10.0.40219.1
Project("{FAE04EC0-301F-11D3-BF4B-00C04F79EFBC}") = "invesmentAIBFF", "invesmentAIBFF.csproj", "{BE2C057F-08AF-49DA-AF88-15D8783843F2}"
EndProject
Global
	GlobalSection(SolutionConfigurationPlatforms) = preSolution
		Debug|Any CPU = Debug|Any CPU
		Release|Any CPU = Release|Any CPU
	EndGlobalSection
	GlobalSection(ProjectConfigurationPlatforms) = postSolution
		{BE2C057F-08AF-49DA-AF88-15D8783843F2}.Debug|Any CPU.ActiveCfg = Debug|Any CPU
		{BE2C057F-08AF-49DA-AF88-15D8783843F2}.Debug|Any CPU.Build.0 = Debug|Any CPU
		{BE2C057F-08AF-49DA-AF88-15D8783843F2}.Release|Any CPU.ActiveCfg = Release|Any CPU
		{BE2C057F-08AF-49DA-AF88-15D8783843F2}.Release|Any CPU.Build.0 = Release|Any CPU
	EndGlobalSection
	GlobalSection(SolutionProperties) = preSolution
		HideSolutionNode = FALSE
	EndGlobalSection
	GlobalSection(ExtensibilityGlobals) = postSolution
		SolutionGuid = {15258F25-E9C7-4CC0-8044-F2BE240A7B8E}
	EndGlobalSection
EndGlobal
